
Microsoft Visual Studio Solution File, Format Version 12.00
# Visual Studio Version 17
VisualStudioVersion = 17.13.35825.156
MinimumVisualStudioVersion = 10.0.40219.1
Project("{2150E333-8FDC-42A3-9474-1A3956D46DE8}") = "Chapter01", "Chapter01", "{DDB4EF12-CC4E-5E88-E6FC-71A802F4DE97}"
EndProject
Project("{FAE04EC0-301F-11D3-BF4B-00C04F79EFBC}") = "ProductSample", "Chapter01\ProductSample\ProductSample.csproj", "{E1F43025-01E0-4D97-970A-6FD619244B5B}"
EndProject
Project("{2150E333-8FDC-42A3-9474-1A3956D46DE8}") = "Chapter02", "Chapter02", "{82A40186-623E-4D5F-B0AE-508EEA22EAAB}"
EndProject
Project("{FAE04EC0-301F-11D3-BF4B-00C04F79EFBC}") = "DistanceConverter", "Chapter02\DistanceConverter\DistanceConverter.csproj", "{617066EE-C915-49D9-8D99-585F9E40E5B1}"
EndProject
Project("{2150E333-8FDC-42A3-9474-1A3956D46DE8}") = "演習問題", "演習問題", "{03B23B8C-0A47-41C3-95B4-22DF1BBB5E12}"
EndProject
Project("{FAE04EC0-301F-11D3-BF4B-00C04F79EFBC}") = "Exercise02", "Chapter02\演習問題\Exercise02\Exercise02.csproj", "{2986FE7F-1797-41EB-B3F3-DC6AC2499EFD}"
EndProject
Project("{2150E333-8FDC-42A3-9474-1A3956D46DE8}") = "距離換算プログラム", "距離換算プログラム", "{CBB12A5B-B9DA-4402-8F04-1033FF132474}"
EndProject
Project("{2150E333-8FDC-42A3-9474-1A3956D46DE8}") = "FormApps", "FormApps", "{E07AEC6B-7A7C-4F24-98FC-4E9907F9D8A4}"
EndProject
Project("{FAE04EC0-301F-11D3-BF4B-00C04F79EFBC}") = "UnitConverter", "FormApps\UnitConverter\UnitConverter.csproj", "{95EAB71A-CFEC-4F56-82CA-2B7C0C1ACDAA}"
EndProject
Project("{FAE04EC0-301F-11D3-BF4B-00C04F79EFBC}") = "StopWatch", "FormApps\StopWatch\StopWatch.csproj", "{2DFE7B10-AFAB-4CBF-9B7A-BC8D35A780DE}"
EndProject
Project("{2150E333-8FDC-42A3-9474-1A3956D46DE8}") = "売上集計プログラム", "売上集計プログラム", "{A3519C59-9E4F-4E54-94CC-4205E428A61C}"
EndProject
Project("{FAE04EC0-301F-11D3-BF4B-00C04F79EFBC}") = "SalesCalculator", "Chapter02\SalesCalculator\SalesCalculator.csproj", "{6BF40357-5047-4586-8A83-CF08AD0E96E1}"
EndProject
Project("{FAE04EC0-301F-11D3-BF4B-00C04F79EFBC}") = "Exercise01", "Chapter02\演習問題\Exercise01\Exercise01.csproj", "{F72913EC-5D06-4E36-B42F-518ED58D4E3D}"
EndProject
Project("{2150E333-8FDC-42A3-9474-1A3956D46DE8}") = "Chapter03", "Chapter03", "{A4869FD1-28B2-4676-B14C-1C147C85B5B7}"
EndProject
Project("{FAE04EC0-301F-11D3-BF4B-00C04F79EFBC}") = "Section01", "Chapter03\Section01\Section01.csproj", "{A727B4DB-A908-C542-FCF2-2C77B3E0412D}"
EndProject
Project("{2150E333-8FDC-42A3-9474-1A3956D46DE8}") = "演習問題", "演習問題", "{59031A1D-FCDB-403A-82CB-B6DB797CDDEB}"
EndProject
Project("{FAE04EC0-301F-11D3-BF4B-00C04F79EFBC}") = "Exercise02", "Chapter03\演習問題\Exercise02\Exercise02.csproj", "{CB9DA37C-19CE-4B1C-A0FB-9C611894F4A0}"
EndProject
Project("{FAE04EC0-301F-11D3-BF4B-00C04F79EFBC}") = "Section04", "Chapter03\Section04\Section04.csproj", "{4C54AF98-2716-4BE7-BDBD-5F76D8CAE0AA}"
EndProject
Project("{FAE04EC0-301F-11D3-BF4B-00C04F79EFBC}") = "Exercise01", "Chapter03\Exercise01\Exercise01.csproj", "{038EB60B-5C2F-495B-80CA-299D642D4E57}"
EndProject
Global
	GlobalSection(SolutionConfigurationPlatforms) = preSolution
		Debug|Any CPU = Debug|Any CPU
		Release|Any CPU = Release|Any CPU
	EndGlobalSection
	GlobalSection(ProjectConfigurationPlatforms) = postSolution
		{E1F43025-01E0-4D97-970A-6FD619244B5B}.Debug|Any CPU.ActiveCfg = Debug|Any CPU
		{E1F43025-01E0-4D97-970A-6FD619244B5B}.Debug|Any CPU.Build.0 = Debug|Any CPU
		{E1F43025-01E0-4D97-970A-6FD619244B5B}.Release|Any CPU.ActiveCfg = Release|Any CPU
		{E1F43025-01E0-4D97-970A-6FD619244B5B}.Release|Any CPU.Build.0 = Release|Any CPU
		{617066EE-C915-49D9-8D99-585F9E40E5B1}.Debug|Any CPU.ActiveCfg = Debug|Any CPU
		{617066EE-C915-49D9-8D99-585F9E40E5B1}.Debug|Any CPU.Build.0 = Debug|Any CPU
		{617066EE-C915-49D9-8D99-585F9E40E5B1}.Release|Any CPU.ActiveCfg = Release|Any CPU
		{617066EE-C915-49D9-8D99-585F9E40E5B1}.Release|Any CPU.Build.0 = Release|Any CPU
		{2986FE7F-1797-41EB-B3F3-DC6AC2499EFD}.Debug|Any CPU.ActiveCfg = Debug|Any CPU
		{2986FE7F-1797-41EB-B3F3-DC6AC2499EFD}.Debug|Any CPU.Build.0 = Debug|Any CPU
		{2986FE7F-1797-41EB-B3F3-DC6AC2499EFD}.Release|Any CPU.ActiveCfg = Release|Any CPU
		{2986FE7F-1797-41EB-B3F3-DC6AC2499EFD}.Release|Any CPU.Build.0 = Release|Any CPU
		{95EAB71A-CFEC-4F56-82CA-2B7C0C1ACDAA}.Debug|Any CPU.ActiveCfg = Debug|Any CPU
		{95EAB71A-CFEC-4F56-82CA-2B7C0C1ACDAA}.Debug|Any CPU.Build.0 = Debug|Any CPU
		{95EAB71A-CFEC-4F56-82CA-2B7C0C1ACDAA}.Release|Any CPU.ActiveCfg = Release|Any CPU
		{95EAB71A-CFEC-4F56-82CA-2B7C0C1ACDAA}.Release|Any CPU.Build.0 = Release|Any CPU
		{2DFE7B10-AFAB-4CBF-9B7A-BC8D35A780DE}.Debug|Any CPU.ActiveCfg = Debug|Any CPU
		{2DFE7B10-AFAB-4CBF-9B7A-BC8D35A780DE}.Debug|Any CPU.Build.0 = Debug|Any CPU
		{2DFE7B10-AFAB-4CBF-9B7A-BC8D35A780DE}.Release|Any CPU.ActiveCfg = Release|Any CPU
		{2DFE7B10-AFAB-4CBF-9B7A-BC8D35A780DE}.Release|Any CPU.Build.0 = Release|Any CPU
		{6BF40357-5047-4586-8A83-CF08AD0E96E1}.Debug|Any CPU.ActiveCfg = Debug|Any CPU
		{6BF40357-5047-4586-8A83-CF08AD0E96E1}.Debug|Any CPU.Build.0 = Debug|Any CPU
		{6BF40357-5047-4586-8A83-CF08AD0E96E1}.Release|Any CPU.ActiveCfg = Release|Any CPU
		{6BF40357-5047-4586-8A83-CF08AD0E96E1}.Release|Any CPU.Build.0 = Release|Any CPU
		{F72913EC-5D06-4E36-B42F-518ED58D4E3D}.Debug|Any CPU.ActiveCfg = Debug|Any CPU
		{F72913EC-5D06-4E36-B42F-518ED58D4E3D}.Debug|Any CPU.Build.0 = Debug|Any CPU
		{F72913EC-5D06-4E36-B42F-518ED58D4E3D}.Release|Any CPU.ActiveCfg = Release|Any CPU
		{F72913EC-5D06-4E36-B42F-518ED58D4E3D}.Release|Any CPU.Build.0 = Release|Any CPU
		{A727B4DB-A908-C542-FCF2-2C77B3E0412D}.Debug|Any CPU.ActiveCfg = Debug|Any CPU
		{A727B4DB-A908-C542-FCF2-2C77B3E0412D}.Debug|Any CPU.Build.0 = Debug|Any CPU
		{A727B4DB-A908-C542-FCF2-2C77B3E0412D}.Release|Any CPU.ActiveCfg = Release|Any CPU
		{A727B4DB-A908-C542-FCF2-2C77B3E0412D}.Release|Any CPU.Build.0 = Release|Any CPU
		{CB9DA37C-19CE-4B1C-A0FB-9C611894F4A0}.Debug|Any CPU.ActiveCfg = Debug|Any CPU
		{CB9DA37C-19CE-4B1C-A0FB-9C611894F4A0}.Debug|Any CPU.Build.0 = Debug|Any CPU
		{CB9DA37C-19CE-4B1C-A0FB-9C611894F4A0}.Release|Any CPU.ActiveCfg = Release|Any CPU
		{CB9DA37C-19CE-4B1C-A0FB-9C611894F4A0}.Release|Any CPU.Build.0 = Release|Any CPU
		{4C54AF98-2716-4BE7-BDBD-5F76D8CAE0AA}.Debug|Any CPU.ActiveCfg = Debug|Any CPU
		{4C54AF98-2716-4BE7-BDBD-5F76D8CAE0AA}.Debug|Any CPU.Build.0 = Debug|Any CPU
		{4C54AF98-2716-4BE7-BDBD-5F76D8CAE0AA}.Release|Any CPU.ActiveCfg = Release|Any CPU
		{4C54AF98-2716-4BE7-BDBD-5F76D8CAE0AA}.Release|Any CPU.Build.0 = Release|Any CPU
		{038EB60B-5C2F-495B-80CA-299D642D4E57}.Debug|Any CPU.ActiveCfg = Debug|Any CPU
		{038EB60B-5C2F-495B-80CA-299D642D4E57}.Debug|Any CPU.Build.0 = Debug|Any CPU
		{038EB60B-5C2F-495B-80CA-299D642D4E57}.Release|Any CPU.ActiveCfg = Release|Any CPU
		{038EB60B-5C2F-495B-80CA-299D642D4E57}.Release|Any CPU.Build.0 = Release|Any CPU
	EndGlobalSection
	GlobalSection(SolutionProperties) = preSolution
		HideSolutionNode = FALSE
	EndGlobalSection
	GlobalSection(NestedProjects) = preSolution
		{E1F43025-01E0-4D97-970A-6FD619244B5B} = {DDB4EF12-CC4E-5E88-E6FC-71A802F4DE97}
		{617066EE-C915-49D9-8D99-585F9E40E5B1} = {CBB12A5B-B9DA-4402-8F04-1033FF132474}
		{03B23B8C-0A47-41C3-95B4-22DF1BBB5E12} = {82A40186-623E-4D5F-B0AE-508EEA22EAAB}
		{2986FE7F-1797-41EB-B3F3-DC6AC2499EFD} = {03B23B8C-0A47-41C3-95B4-22DF1BBB5E12}
		{CBB12A5B-B9DA-4402-8F04-1033FF132474} = {82A40186-623E-4D5F-B0AE-508EEA22EAAB}
		{95EAB71A-CFEC-4F56-82CA-2B7C0C1ACDAA} = {E07AEC6B-7A7C-4F24-98FC-4E9907F9D8A4}
		{2DFE7B10-AFAB-4CBF-9B7A-BC8D35A780DE} = {E07AEC6B-7A7C-4F24-98FC-4E9907F9D8A4}
		{A3519C59-9E4F-4E54-94CC-4205E428A61C} = {82A40186-623E-4D5F-B0AE-508EEA22EAAB}
		{6BF40357-5047-4586-8A83-CF08AD0E96E1} = {A3519C59-9E4F-4E54-94CC-4205E428A61C}
		{F72913EC-5D06-4E36-B42F-518ED58D4E3D} = {03B23B8C-0A47-41C3-95B4-22DF1BBB5E12}
		{A727B4DB-A908-C542-FCF2-2C77B3E0412D} = {A4869FD1-28B2-4676-B14C-1C147C85B5B7}
		{59031A1D-FCDB-403A-82CB-B6DB797CDDEB} = {A4869FD1-28B2-4676-B14C-1C147C85B5B7}
		{CB9DA37C-19CE-4B1C-A0FB-9C611894F4A0} = {59031A1D-FCDB-403A-82CB-B6DB797CDDEB}
		{4C54AF98-2716-4BE7-BDBD-5F76D8CAE0AA} = {A4869FD1-28B2-4676-B14C-1C147C85B5B7}
		{038EB60B-5C2F-495B-80CA-299D642D4E57} = {59031A1D-FCDB-403A-82CB-B6DB797CDDEB}
	EndGlobalSection
	GlobalSection(ExtensibilityGlobals) = postSolution
		SolutionGuid = {269DCC46-0AC1-47FB-B86F-3420E2938AC7}
	EndGlobalSection
EndGlobal
