
Microsoft Visual Studio Solution File, Format Version 12.00
# Visual Studio Version 17
VisualStudioVersion = 17.13.35825.156
MinimumVisualStudioVersion = 10.0.40219.1
Project("{2150E333-8FDC-42A3-9474-1A3956D46DE8}") = "Chapter01", "Chapter01", "{DDB4EF12-CC4E-5E88-E6FC-71A802F4DE97}"
EndProject
Project("{FAE04EC0-301F-11D3-BF4B-00C04F79EFBC}") = "ProductSample", "Chapter01\ProductSample\ProductSample.csproj", "{E1F43025-01E0-4D97-970A-6FD619244B5B}"
EndProject
Project("{2150E333-8FDC-42A3-9474-1A3956D46DE8}") = "Chapter02", "Chapter02", "{82A40186-623E-4D5F-B0AE-508EEA22EAAB}"
EndProject
Project("{FAE04EC0-301F-11D3-BF4B-00C04F79EFBC}") = "DistanceConverter", "Chapter02\DistanceConverter\DistanceConverter.csproj", "{617066EE-C915-49D9-8D99-585F9E40E5B1}"
EndProject
Project("{2150E333-8FDC-42A3-9474-1A3956D46DE8}") = "演習問題", "演習問題", "{03B23B8C-0A47-41C3-95B4-22DF1BBB5E12}"
EndProject
Project("{FAE04EC0-301F-11D3-BF4B-00C04F79EFBC}") = "Exercise02", "Chapter02\演習問題\Exercise02\Exercise02.csproj", "{2986FE7F-1797-41EB-B3F3-DC6AC2499EFD}"
EndProject
Project("{2150E333-8FDC-42A3-9474-1A3956D46DE8}") = "距離換算プログラム", "距離換算プログラム", "{CBB12A5B-B9DA-4402-8F04-1033FF132474}"
EndProject
Project("{2150E333-8FDC-42A3-9474-1A3956D46DE8}") = "FormApps", "FormApps", "{E07AEC6B-7A7C-4F24-98FC-4E9907F9D8A4}"
EndProject
Project("{FAE04EC0-301F-11D3-BF4B-00C04F79EFBC}") = "UnitConverter", "FormApps\UnitConverter\UnitConverter.csproj", "{95EAB71A-CFEC-4F56-82CA-2B7C0C1ACDAA}"
EndProject
Project("{FAE04EC0-301F-11D3-BF4B-00C04F79EFBC}") = "StopWatch", "FormApps\StopWatch\StopWatch.csproj", "{2DFE7B10-AFAB-4CBF-9B7A-BC8D35A780DE}"
EndProject
Project("{2150E333-8FDC-42A3-9474-1A3956D46DE8}") = "売上集計プログラム", "売上集計プログラム", "{A3519C59-9E4F-4E54-94CC-4205E428A61C}"
EndProject
Project("{FAE04EC0-301F-11D3-BF4B-00C04F79EFBC}") = "SalesCalculator", "Chapter02\SalesCalculator\SalesCalculator.csproj", "{6BF40357-5047-4586-8A83-CF08AD0E96E1}"
EndProject
Project("{FAE04EC0-301F-11D3-BF4B-00C04F79EFBC}") = "Exercise01", "Chapter02\演習問題\Exercise01\Exercise01.csproj", "{F72913EC-5D06-4E36-B42F-518ED58D4E3D}"
EndProject
Project("{2150E333-8FDC-42A3-9474-1A3956D46DE8}") = "Chapter03", "Chapter03", "{A4869FD1-28B2-4676-B14C-1C147C85B5B7}"
EndProject
Project("{FAE04EC0-301F-11D3-BF4B-00C04F79EFBC}") = "Section01", "Chapter03\Section01\Section01.csproj", "{A727B4DB-A908-C542-FCF2-2C77B3E0412D}"
EndProject
Project("{2150E333-8FDC-42A3-9474-1A3956D46DE8}") = "演習問題", "演習問題", "{59031A1D-FCDB-403A-82CB-B6DB797CDDEB}"
EndProject
Project("{FAE04EC0-301F-11D3-BF4B-00C04F79EFBC}") = "Exercise02", "Chapter03\演習問題\Exercise02\Exercise02.csproj", "{CB9DA37C-19CE-4B1C-A0FB-9C611894F4A0}"
EndProject
Project("{FAE04EC0-301F-11D3-BF4B-00C04F79EFBC}") = "Section04", "Chapter03\Section04\Section04.csproj", "{4C54AF98-2716-4BE7-BDBD-5F76D8CAE0AA}"
EndProject
Project("{FAE04EC0-301F-11D3-BF4B-00C04F79EFBC}") = "Exercise01", "Chapter03\Exercise01\Exercise01.csproj", "{038EB60B-5C2F-495B-80CA-299D642D4E57}"
EndProject
Project("{2150E333-8FDC-42A3-9474-1A3956D46DE8}") = "Chapter04", "Chapter04", "{D0B56F96-A532-47FC-BB34-C7B5368F761B}"
EndProject
Project("{2150E333-8FDC-42A3-9474-1A3956D46DE8}") = "LINQ", "LINQ", "{7F47004A-A390-409C-98C1-4F808149BF3A}"
EndProject
Project("{FAE04EC0-301F-11D3-BF4B-00C04F79EFBC}") = "LinqSample", "LINQ\LinqSample\LinqSample.csproj", "{4042CC5A-4E6E-BAB1-2087-38620BC63BC1}"
EndProject
Project("{2150E333-8FDC-42A3-9474-1A3956D46DE8}") = "Chapter07", "Chapter07", "{EC94844B-706D-4340-ABAB-D75C6FC895AF}"
EndProject
Project("{2150E333-8FDC-42A3-9474-1A3956D46DE8}") = "演習問題", "演習問題", "{939151BE-DD9C-4B88-9888-EC405FC5498B}"
EndProject
Project("{FAE04EC0-301F-11D3-BF4B-00C04F79EFBC}") = "Exercise01", "Chapter07\演習問題\Exercise01\Exercise01.csproj", "{8B9D7A06-D8CD-472D-912C-D508D49DF7C1}"
EndProject
Project("{FAE04EC0-301F-11D3-BF4B-00C04F79EFBC}") = "Section01", "Chapter07\Section01\Section01.csproj", "{1F996318-F3BB-40E8-A35F-857C417E383D}"
EndProject
Project("{FAE04EC0-301F-11D3-BF4B-00C04F79EFBC}") = "Section05", "Chapter07\Section05\Section05.csproj", "{C5EE8795-B682-490C-8E75-E9812C2A0260}"
EndProject
Project("{FAE04EC0-301F-11D3-BF4B-00C04F79EFBC}") = "Exercise02", "Chapter07\演習問題\Exercise02\Exercise02.csproj", "{1EB9A81E-1B58-4CB3-AB9C-641DD4F38052}"
EndProject
Project("{2150E333-8FDC-42A3-9474-1A3956D46DE8}") = "Chapter06", "Chapter06", "{A412E068-1983-421F-8810-BEDCFD07E946}"
EndProject
Project("{2150E333-8FDC-42A3-9474-1A3956D46DE8}") = "演習問題", "演習問題", "{E22F4EDA-864E-4084-A746-21B31B2222B2}"
EndProject
Project("{FAE04EC0-301F-11D3-BF4B-00C04F79EFBC}") = "Exercise01", "Chapter06\演習問題\Exercise01\Exercise01.csproj", "{B5025803-550F-2718-0B4A-39867A675BF8}"
EndProject
Project("{FAE04EC0-301F-11D3-BF4B-00C04F79EFBC}") = "Exercise02", "Chapter06\演習問題\Exercise02\Exercise02.csproj", "{9605B4B8-0A34-BDE4-CFD2-F49073E3B9EF}"
EndProject
Project("{FAE04EC0-301F-11D3-BF4B-00C04F79EFBC}") = "Exercise03", "Chapter06\演習問題\Exercise03\Exercise03.csproj", "{766DC129-B7E6-6BE5-67FF-02794A6C9D6A}"
EndProject
Project("{FAE04EC0-301F-11D3-BF4B-00C04F79EFBC}") = "Exercise04", "Chapter06\演習問題\Exercise04\Exercise04.csproj", "{8758FBDB-9295-0DA5-31B6-DA01667F06FB}"
EndProject
Project("{FAE04EC0-301F-11D3-BF4B-00C04F79EFBC}") = "Section01", "Chapter06\Section01.csproj", "{83421933-D211-2918-A276-665E646BDA2D}"
EndProject
Project("{FAE04EC0-301F-11D3-BF4B-00C04F79EFBC}") = "Section03", "Chapter06\演習問題\Section03\Section03.csproj", "{ED7F6327-D6BC-4021-B939-C37C4A927458}"
EndProject
Project("{2150E333-8FDC-42A3-9474-1A3956D46DE8}") = "Chapter05", "Chapter05", "{669117D2-FE44-4B3C-A69B-D5C7742D855C}"
EndProject
Project("{2150E333-8FDC-42A3-9474-1A3956D46DE8}") = "演習問題", "演習問題", "{EFFA6DC9-18C4-4549-AF9C-6A5A496A499D}"
EndProject
Project("{FAE04EC0-301F-11D3-BF4B-00C04F79EFBC}") = "Section01", "Chapter05\Section01\Section01.csproj", "{4D1C7E72-EE67-4F08-A00B-1996AF108D53}"
EndProject
Project("{FAE04EC0-301F-11D3-BF4B-00C04F79EFBC}") = "Section02", "Section02\Section02.csproj", "{F34CC3AF-36F6-4D17-B41F-CD6982B80B93}"
EndProject
Project("{FAE04EC0-301F-11D3-BF4B-00C04F79EFBC}") = "Exercise01", "Chapter05\演習問題\Exercise01\Exercise01.csproj", "{549232B0-215D-473C-BAC6-0872C144A2A0}"
EndProject
Project("{FAE04EC0-301F-11D3-BF4B-00C04F79EFBC}") = "Exercise02", "Chapter05\演習問題\Exercise02\Exercise02\Exercise02.csproj", "{5086FEBE-0992-4266-9C3C-F051E7AECE57}"
EndProject
Project("{2150E333-8FDC-42A3-9474-1A3956D46DE8}") = "演習問題", "演習問題", "{5CDD5B59-942A-4E0F-9D49-AABBDE1D9353}"
EndProject
Project("{FAE04EC0-301F-11D3-BF4B-00C04F79EFBC}") = "Section04", "Chapter04\Section04\Section04.csproj", "{3A95A141-AAD8-CCAB-6F75-1E63A7123829}"
EndProject
Project("{FAE04EC0-301F-11D3-BF4B-00C04F79EFBC}") = "Exercise01", "Chapter04\演習問題\Exercise01\Exercise01.csproj", "{94DD345E-7CED-4741-C3E7-505B445CE161}"
EndProject
Project("{FAE04EC0-301F-11D3-BF4B-00C04F79EFBC}") = "Exercise02", "Chapter04\演習問題\Exercise02\Exercise02.csproj", "{C1D63E63-E64B-FCB7-4276-5EBCB0FEC291}"
EndProject
Project("{2150E333-8FDC-42A3-9474-1A3956D46DE8}") = "Chapter08", "Chapter08", "{7AF00E73-15AF-4EB3-81D0-32A6267F399A}"
EndProject
Project("{2150E333-8FDC-42A3-9474-1A3956D46DE8}") = "演習問題", "演習問題", "{622990BD-B340-46C7-A193-C51BA5D731E1}"
EndProject
Project("{FAE04EC0-301F-11D3-BF4B-00C04F79EFBC}") = "PrefCapitalLocationSystem", "Chapter08\PrefCapitalLocationSystem\PrefCapitalLocationSystem.csproj", "{BA3B5C5E-D6A4-39ED-6760-036CDB62E249}"
EndProject
Project("{FAE04EC0-301F-11D3-BF4B-00C04F79EFBC}") = "Exercise01", "Chapter08\演習問題\Exercise01\Exercise01.csproj", "{D589C9D2-25B2-97EF-C106-318F1C56DB7D}"
EndProject
Project("{FAE04EC0-301F-11D3-BF4B-00C04F79EFBC}") = "Section03", "Chapter08\Section03\Section03.csproj", "{7C06D570-5236-67C0-200D-EFEA42F6ED6E}"
EndProject
Project("{FAE04EC0-301F-11D3-BF4B-00C04F79EFBC}") = "Exercise02", "Chapter08\演習問題\Exercise02\Exercise02.csproj", "{605F2E9D-76A9-44D7-8C02-1AD531372453}"
EndProject
Project("{2150E333-8FDC-42A3-9474-1A3956D46DE8}") = "Test01", "Test01", "{8EC667FA-DE6D-4F9A-89F4-CAFC589F5E6E}"
EndProject
Project("{FAE04EC0-301F-11D3-BF4B-00C04F79EFBC}") = "Test01", "Test01\Test01\Test01.csproj", "{6EF7678A-A725-F430-3097-30F090C0100A}"
EndProject
Project("{FAE04EC0-301F-11D3-BF4B-00C04F79EFBC}") = "Test02", "Test01\Test02\Test02.csproj", "{010D0C11-D6A2-3CA6-3281-4E0FD547EC2D}"
EndProject
Project("{2150E333-8FDC-42A3-9474-1A3956D46DE8}") = "Chapter09", "Chapter09", "{984B92DA-7A1A-40A5-BD28-8BA003C293B1}"
EndProject
Project("{FAE04EC0-301F-11D3-BF4B-00C04F79EFBC}") = "Section01", "Chapter09\Section01\Section01.csproj", "{D6A0A386-DC68-44FF-B310-3BDE8FCB63CE}"
EndProject
Project("{FAE04EC0-301F-11D3-BF4B-00C04F79EFBC}") = "Exercise01", "Chapter09\演習問題\Exercise01\Exercise01.csproj", "{4AB1253C-8417-E7EC-0C51-3B8C79B1EED4}"
EndProject
Project("{FAE04EC0-301F-11D3-BF4B-00C04F79EFBC}") = "Exercise02", "Chapter09\演習問題\Exercise02\Exercise02.csproj", "{52442FBF-AB1E-12BC-8344-0695887AC3CB}"
EndProject
Project("{FAE04EC0-301F-11D3-BF4B-00C04F79EFBC}") = "Exercise03", "Chapter09\演習問題\Exercise03\Exercise03.csproj", "{13EA441B-E72F-5CA2-D5D4-B3F52139D7CF}"
EndProject
Project("{FAE04EC0-301F-11D3-BF4B-00C04F79EFBC}") = "CarReportSystem", "FormApps\CarReportSystem\CarReportSystem.csproj", "{0B48C449-0B35-182D-2B8C-BFE6C8DF0359}"
EndProject
Project("{2150E333-8FDC-42A3-9474-1A3956D46DE8}") = "Chapter12", "Chapter12", "{32F6C215-3EE9-437C-8A69-2C0E1EE6FF10}"
EndProject
Project("{2150E333-8FDC-42A3-9474-1A3956D46DE8}") = "演習問題", "演習問題", "{5B9DCF56-C71F-4B71-9601-E75CBE06E2DD}"
EndProject
Project("{FAE04EC0-301F-11D3-BF4B-00C04F79EFBC}") = "Section01", "Chapter12\Section01\Section01.csproj", "{4109F16C-CC0F-746C-BB8C-6083813C958C}"
EndProject
Project("{FAE04EC0-301F-11D3-BF4B-00C04F79EFBC}") = "Exercise01", "Chapter12\演習問題\Exercise01\Exercise01.csproj", "{6C5C8E11-5C4E-7216-5310-F8D4870D4E3D}"
EndProject
Project("{FAE04EC0-301F-11D3-BF4B-00C04F79EFBC}") = "Exercise02", "Chapter12\演習問題\Exercise02\Exercise02.csproj", "{F01C3B69-9D05-4BEF-26EB-57BAD926097B}"
EndProject
Project("{2150E333-8FDC-42A3-9474-1A3956D46DE8}") = "a", "a", "{8C77B7D8-C8C7-441F-8ACF-E20DE0716D53}"
EndProject
Project("{FAE04EC0-301F-11D3-BF4B-00C04F79EFBC}") = "ConsoleApp1", "a\ConsoleApp1\ConsoleApp1.csproj", "{A2A38D3C-E4D3-4631-8B47-FDC6A5459C06}"
EndProject
Project("{FAE04EC0-301F-11D3-BF4B-00C04F79EFBC}") = "Exercise03", "Chapter12\演習問題\Exercise03\Exercise03.csproj", "{414DFFD5-4A0F-DD91-933A-D9585859A325}"
EndProject
Global
	GlobalSection(SolutionConfigurationPlatforms) = preSolution
		Debug|Any CPU = Debug|Any CPU
		Release|Any CPU = Release|Any CPU
	EndGlobalSection
	GlobalSection(ProjectConfigurationPlatforms) = postSolution
		{E1F43025-01E0-4D97-970A-6FD619244B5B}.Debug|Any CPU.ActiveCfg = Debug|Any CPU
		{E1F43025-01E0-4D97-970A-6FD619244B5B}.Debug|Any CPU.Build.0 = Debug|Any CPU
		{E1F43025-01E0-4D97-970A-6FD619244B5B}.Release|Any CPU.ActiveCfg = Release|Any CPU
		{E1F43025-01E0-4D97-970A-6FD619244B5B}.Release|Any CPU.Build.0 = Release|Any CPU
		{617066EE-C915-49D9-8D99-585F9E40E5B1}.Debug|Any CPU.ActiveCfg = Debug|Any CPU
		{617066EE-C915-49D9-8D99-585F9E40E5B1}.Debug|Any CPU.Build.0 = Debug|Any CPU
		{617066EE-C915-49D9-8D99-585F9E40E5B1}.Release|Any CPU.ActiveCfg = Release|Any CPU
		{617066EE-C915-49D9-8D99-585F9E40E5B1}.Release|Any CPU.Build.0 = Release|Any CPU
		{2986FE7F-1797-41EB-B3F3-DC6AC2499EFD}.Debug|Any CPU.ActiveCfg = Debug|Any CPU
		{2986FE7F-1797-41EB-B3F3-DC6AC2499EFD}.Debug|Any CPU.Build.0 = Debug|Any CPU
		{2986FE7F-1797-41EB-B3F3-DC6AC2499EFD}.Release|Any CPU.ActiveCfg = Release|Any CPU
		{2986FE7F-1797-41EB-B3F3-DC6AC2499EFD}.Release|Any CPU.Build.0 = Release|Any CPU
		{95EAB71A-CFEC-4F56-82CA-2B7C0C1ACDAA}.Debug|Any CPU.ActiveCfg = Debug|Any CPU
		{95EAB71A-CFEC-4F56-82CA-2B7C0C1ACDAA}.Debug|Any CPU.Build.0 = Debug|Any CPU
		{95EAB71A-CFEC-4F56-82CA-2B7C0C1ACDAA}.Release|Any CPU.ActiveCfg = Release|Any CPU
		{95EAB71A-CFEC-4F56-82CA-2B7C0C1ACDAA}.Release|Any CPU.Build.0 = Release|Any CPU
		{2DFE7B10-AFAB-4CBF-9B7A-BC8D35A780DE}.Debug|Any CPU.ActiveCfg = Debug|Any CPU
		{2DFE7B10-AFAB-4CBF-9B7A-BC8D35A780DE}.Debug|Any CPU.Build.0 = Debug|Any CPU
		{2DFE7B10-AFAB-4CBF-9B7A-BC8D35A780DE}.Release|Any CPU.ActiveCfg = Release|Any CPU
		{2DFE7B10-AFAB-4CBF-9B7A-BC8D35A780DE}.Release|Any CPU.Build.0 = Release|Any CPU
		{6BF40357-5047-4586-8A83-CF08AD0E96E1}.Debug|Any CPU.ActiveCfg = Debug|Any CPU
		{6BF40357-5047-4586-8A83-CF08AD0E96E1}.Debug|Any CPU.Build.0 = Debug|Any CPU
		{6BF40357-5047-4586-8A83-CF08AD0E96E1}.Release|Any CPU.ActiveCfg = Release|Any CPU
		{6BF40357-5047-4586-8A83-CF08AD0E96E1}.Release|Any CPU.Build.0 = Release|Any CPU
		{F72913EC-5D06-4E36-B42F-518ED58D4E3D}.Debug|Any CPU.ActiveCfg = Debug|Any CPU
		{F72913EC-5D06-4E36-B42F-518ED58D4E3D}.Debug|Any CPU.Build.0 = Debug|Any CPU
		{F72913EC-5D06-4E36-B42F-518ED58D4E3D}.Release|Any CPU.ActiveCfg = Release|Any CPU
		{F72913EC-5D06-4E36-B42F-518ED58D4E3D}.Release|Any CPU.Build.0 = Release|Any CPU
		{A727B4DB-A908-C542-FCF2-2C77B3E0412D}.Debug|Any CPU.ActiveCfg = Debug|Any CPU
		{A727B4DB-A908-C542-FCF2-2C77B3E0412D}.Debug|Any CPU.Build.0 = Debug|Any CPU
		{A727B4DB-A908-C542-FCF2-2C77B3E0412D}.Release|Any CPU.ActiveCfg = Release|Any CPU
		{A727B4DB-A908-C542-FCF2-2C77B3E0412D}.Release|Any CPU.Build.0 = Release|Any CPU
		{CB9DA37C-19CE-4B1C-A0FB-9C611894F4A0}.Debug|Any CPU.ActiveCfg = Debug|Any CPU
		{CB9DA37C-19CE-4B1C-A0FB-9C611894F4A0}.Debug|Any CPU.Build.0 = Debug|Any CPU
		{CB9DA37C-19CE-4B1C-A0FB-9C611894F4A0}.Release|Any CPU.ActiveCfg = Release|Any CPU
		{CB9DA37C-19CE-4B1C-A0FB-9C611894F4A0}.Release|Any CPU.Build.0 = Release|Any CPU
		{4C54AF98-2716-4BE7-BDBD-5F76D8CAE0AA}.Debug|Any CPU.ActiveCfg = Debug|Any CPU
		{4C54AF98-2716-4BE7-BDBD-5F76D8CAE0AA}.Debug|Any CPU.Build.0 = Debug|Any CPU
		{4C54AF98-2716-4BE7-BDBD-5F76D8CAE0AA}.Release|Any CPU.ActiveCfg = Release|Any CPU
		{4C54AF98-2716-4BE7-BDBD-5F76D8CAE0AA}.Release|Any CPU.Build.0 = Release|Any CPU
		{038EB60B-5C2F-495B-80CA-299D642D4E57}.Debug|Any CPU.ActiveCfg = Debug|Any CPU
		{038EB60B-5C2F-495B-80CA-299D642D4E57}.Debug|Any CPU.Build.0 = Debug|Any CPU
		{038EB60B-5C2F-495B-80CA-299D642D4E57}.Release|Any CPU.ActiveCfg = Release|Any CPU
		{038EB60B-5C2F-495B-80CA-299D642D4E57}.Release|Any CPU.Build.0 = Release|Any CPU
		{4042CC5A-4E6E-BAB1-2087-38620BC63BC1}.Debug|Any CPU.ActiveCfg = Debug|Any CPU
		{4042CC5A-4E6E-BAB1-2087-38620BC63BC1}.Debug|Any CPU.Build.0 = Debug|Any CPU
		{4042CC5A-4E6E-BAB1-2087-38620BC63BC1}.Release|Any CPU.ActiveCfg = Release|Any CPU
		{4042CC5A-4E6E-BAB1-2087-38620BC63BC1}.Release|Any CPU.Build.0 = Release|Any CPU
		{8B9D7A06-D8CD-472D-912C-D508D49DF7C1}.Debug|Any CPU.ActiveCfg = Debug|Any CPU
		{8B9D7A06-D8CD-472D-912C-D508D49DF7C1}.Debug|Any CPU.Build.0 = Debug|Any CPU
		{8B9D7A06-D8CD-472D-912C-D508D49DF7C1}.Release|Any CPU.ActiveCfg = Release|Any CPU
		{8B9D7A06-D8CD-472D-912C-D508D49DF7C1}.Release|Any CPU.Build.0 = Release|Any CPU
		{1F996318-F3BB-40E8-A35F-857C417E383D}.Debug|Any CPU.ActiveCfg = Debug|Any CPU
		{1F996318-F3BB-40E8-A35F-857C417E383D}.Debug|Any CPU.Build.0 = Debug|Any CPU
		{1F996318-F3BB-40E8-A35F-857C417E383D}.Release|Any CPU.ActiveCfg = Release|Any CPU
		{1F996318-F3BB-40E8-A35F-857C417E383D}.Release|Any CPU.Build.0 = Release|Any CPU
		{C5EE8795-B682-490C-8E75-E9812C2A0260}.Debug|Any CPU.ActiveCfg = Debug|Any CPU
		{C5EE8795-B682-490C-8E75-E9812C2A0260}.Debug|Any CPU.Build.0 = Debug|Any CPU
		{C5EE8795-B682-490C-8E75-E9812C2A0260}.Release|Any CPU.ActiveCfg = Release|Any CPU
		{C5EE8795-B682-490C-8E75-E9812C2A0260}.Release|Any CPU.Build.0 = Release|Any CPU
		{1EB9A81E-1B58-4CB3-AB9C-641DD4F38052}.Debug|Any CPU.ActiveCfg = Debug|Any CPU
		{1EB9A81E-1B58-4CB3-AB9C-641DD4F38052}.Debug|Any CPU.Build.0 = Debug|Any CPU
		{1EB9A81E-1B58-4CB3-AB9C-641DD4F38052}.Release|Any CPU.ActiveCfg = Release|Any CPU
		{1EB9A81E-1B58-4CB3-AB9C-641DD4F38052}.Release|Any CPU.Build.0 = Release|Any CPU
		{B5025803-550F-2718-0B4A-39867A675BF8}.Debug|Any CPU.ActiveCfg = Debug|Any CPU
		{B5025803-550F-2718-0B4A-39867A675BF8}.Debug|Any CPU.Build.0 = Debug|Any CPU
		{B5025803-550F-2718-0B4A-39867A675BF8}.Release|Any CPU.ActiveCfg = Release|Any CPU
		{B5025803-550F-2718-0B4A-39867A675BF8}.Release|Any CPU.Build.0 = Release|Any CPU
		{9605B4B8-0A34-BDE4-CFD2-F49073E3B9EF}.Debug|Any CPU.ActiveCfg = Debug|Any CPU
		{9605B4B8-0A34-BDE4-CFD2-F49073E3B9EF}.Debug|Any CPU.Build.0 = Debug|Any CPU
		{9605B4B8-0A34-BDE4-CFD2-F49073E3B9EF}.Release|Any CPU.ActiveCfg = Release|Any CPU
		{9605B4B8-0A34-BDE4-CFD2-F49073E3B9EF}.Release|Any CPU.Build.0 = Release|Any CPU
		{766DC129-B7E6-6BE5-67FF-02794A6C9D6A}.Debug|Any CPU.ActiveCfg = Debug|Any CPU
		{766DC129-B7E6-6BE5-67FF-02794A6C9D6A}.Debug|Any CPU.Build.0 = Debug|Any CPU
		{766DC129-B7E6-6BE5-67FF-02794A6C9D6A}.Release|Any CPU.ActiveCfg = Release|Any CPU
		{766DC129-B7E6-6BE5-67FF-02794A6C9D6A}.Release|Any CPU.Build.0 = Release|Any CPU
		{8758FBDB-9295-0DA5-31B6-DA01667F06FB}.Debug|Any CPU.ActiveCfg = Debug|Any CPU
		{8758FBDB-9295-0DA5-31B6-DA01667F06FB}.Debug|Any CPU.Build.0 = Debug|Any CPU
		{8758FBDB-9295-0DA5-31B6-DA01667F06FB}.Release|Any CPU.ActiveCfg = Release|Any CPU
		{8758FBDB-9295-0DA5-31B6-DA01667F06FB}.Release|Any CPU.Build.0 = Release|Any CPU
		{83421933-D211-2918-A276-665E646BDA2D}.Debug|Any CPU.ActiveCfg = Debug|Any CPU
		{83421933-D211-2918-A276-665E646BDA2D}.Debug|Any CPU.Build.0 = Debug|Any CPU
		{83421933-D211-2918-A276-665E646BDA2D}.Release|Any CPU.ActiveCfg = Release|Any CPU
		{83421933-D211-2918-A276-665E646BDA2D}.Release|Any CPU.Build.0 = Release|Any CPU
		{ED7F6327-D6BC-4021-B939-C37C4A927458}.Debug|Any CPU.ActiveCfg = Debug|Any CPU
		{ED7F6327-D6BC-4021-B939-C37C4A927458}.Debug|Any CPU.Build.0 = Debug|Any CPU
		{ED7F6327-D6BC-4021-B939-C37C4A927458}.Release|Any CPU.ActiveCfg = Release|Any CPU
		{ED7F6327-D6BC-4021-B939-C37C4A927458}.Release|Any CPU.Build.0 = Release|Any CPU
		{4D1C7E72-EE67-4F08-A00B-1996AF108D53}.Debug|Any CPU.ActiveCfg = Debug|Any CPU
		{4D1C7E72-EE67-4F08-A00B-1996AF108D53}.Debug|Any CPU.Build.0 = Debug|Any CPU
		{4D1C7E72-EE67-4F08-A00B-1996AF108D53}.Release|Any CPU.ActiveCfg = Release|Any CPU
		{4D1C7E72-EE67-4F08-A00B-1996AF108D53}.Release|Any CPU.Build.0 = Release|Any CPU
		{F34CC3AF-36F6-4D17-B41F-CD6982B80B93}.Debug|Any CPU.ActiveCfg = Debug|Any CPU
		{F34CC3AF-36F6-4D17-B41F-CD6982B80B93}.Debug|Any CPU.Build.0 = Debug|Any CPU
		{F34CC3AF-36F6-4D17-B41F-CD6982B80B93}.Release|Any CPU.ActiveCfg = Release|Any CPU
		{F34CC3AF-36F6-4D17-B41F-CD6982B80B93}.Release|Any CPU.Build.0 = Release|Any CPU
		{549232B0-215D-473C-BAC6-0872C144A2A0}.Debug|Any CPU.ActiveCfg = Debug|Any CPU
		{549232B0-215D-473C-BAC6-0872C144A2A0}.Debug|Any CPU.Build.0 = Debug|Any CPU
		{549232B0-215D-473C-BAC6-0872C144A2A0}.Release|Any CPU.ActiveCfg = Release|Any CPU
		{549232B0-215D-473C-BAC6-0872C144A2A0}.Release|Any CPU.Build.0 = Release|Any CPU
		{5086FEBE-0992-4266-9C3C-F051E7AECE57}.Debug|Any CPU.ActiveCfg = Debug|Any CPU
		{5086FEBE-0992-4266-9C3C-F051E7AECE57}.Debug|Any CPU.Build.0 = Debug|Any CPU
		{5086FEBE-0992-4266-9C3C-F051E7AECE57}.Release|Any CPU.ActiveCfg = Release|Any CPU
		{5086FEBE-0992-4266-9C3C-F051E7AECE57}.Release|Any CPU.Build.0 = Release|Any CPU
		{3A95A141-AAD8-CCAB-6F75-1E63A7123829}.Debug|Any CPU.ActiveCfg = Debug|Any CPU
		{3A95A141-AAD8-CCAB-6F75-1E63A7123829}.Debug|Any CPU.Build.0 = Debug|Any CPU
		{3A95A141-AAD8-CCAB-6F75-1E63A7123829}.Release|Any CPU.ActiveCfg = Release|Any CPU
		{3A95A141-AAD8-CCAB-6F75-1E63A7123829}.Release|Any CPU.Build.0 = Release|Any CPU
		{94DD345E-7CED-4741-C3E7-505B445CE161}.Debug|Any CPU.ActiveCfg = Debug|Any CPU
		{94DD345E-7CED-4741-C3E7-505B445CE161}.Debug|Any CPU.Build.0 = Debug|Any CPU
		{94DD345E-7CED-4741-C3E7-505B445CE161}.Release|Any CPU.ActiveCfg = Release|Any CPU
		{94DD345E-7CED-4741-C3E7-505B445CE161}.Release|Any CPU.Build.0 = Release|Any CPU
		{C1D63E63-E64B-FCB7-4276-5EBCB0FEC291}.Debug|Any CPU.ActiveCfg = Debug|Any CPU
		{C1D63E63-E64B-FCB7-4276-5EBCB0FEC291}.Debug|Any CPU.Build.0 = Debug|Any CPU
		{C1D63E63-E64B-FCB7-4276-5EBCB0FEC291}.Release|Any CPU.ActiveCfg = Release|Any CPU
		{C1D63E63-E64B-FCB7-4276-5EBCB0FEC291}.Release|Any CPU.Build.0 = Release|Any CPU
		{BA3B5C5E-D6A4-39ED-6760-036CDB62E249}.Debug|Any CPU.ActiveCfg = Debug|Any CPU
		{BA3B5C5E-D6A4-39ED-6760-036CDB62E249}.Debug|Any CPU.Build.0 = Debug|Any CPU
		{BA3B5C5E-D6A4-39ED-6760-036CDB62E249}.Release|Any CPU.ActiveCfg = Release|Any CPU
		{BA3B5C5E-D6A4-39ED-6760-036CDB62E249}.Release|Any CPU.Build.0 = Release|Any CPU
		{D589C9D2-25B2-97EF-C106-318F1C56DB7D}.Debug|Any CPU.ActiveCfg = Debug|Any CPU
		{D589C9D2-25B2-97EF-C106-318F1C56DB7D}.Debug|Any CPU.Build.0 = Debug|Any CPU
		{D589C9D2-25B2-97EF-C106-318F1C56DB7D}.Release|Any CPU.ActiveCfg = Release|Any CPU
		{D589C9D2-25B2-97EF-C106-318F1C56DB7D}.Release|Any CPU.Build.0 = Release|Any CPU
		{7C06D570-5236-67C0-200D-EFEA42F6ED6E}.Debug|Any CPU.ActiveCfg = Debug|Any CPU
		{7C06D570-5236-67C0-200D-EFEA42F6ED6E}.Debug|Any CPU.Build.0 = Debug|Any CPU
		{7C06D570-5236-67C0-200D-EFEA42F6ED6E}.Release|Any CPU.ActiveCfg = Release|Any CPU
		{7C06D570-5236-67C0-200D-EFEA42F6ED6E}.Release|Any CPU.Build.0 = Release|Any CPU
		{605F2E9D-76A9-44D7-8C02-1AD531372453}.Debug|Any CPU.ActiveCfg = Debug|Any CPU
		{605F2E9D-76A9-44D7-8C02-1AD531372453}.Debug|Any CPU.Build.0 = Debug|Any CPU
		{605F2E9D-76A9-44D7-8C02-1AD531372453}.Release|Any CPU.ActiveCfg = Release|Any CPU
		{605F2E9D-76A9-44D7-8C02-1AD531372453}.Release|Any CPU.Build.0 = Release|Any CPU
		{6EF7678A-A725-F430-3097-30F090C0100A}.Debug|Any CPU.ActiveCfg = Debug|Any CPU
		{6EF7678A-A725-F430-3097-30F090C0100A}.Debug|Any CPU.Build.0 = Debug|Any CPU
		{6EF7678A-A725-F430-3097-30F090C0100A}.Release|Any CPU.ActiveCfg = Release|Any CPU
		{6EF7678A-A725-F430-3097-30F090C0100A}.Release|Any CPU.Build.0 = Release|Any CPU
		{010D0C11-D6A2-3CA6-3281-4E0FD547EC2D}.Debug|Any CPU.ActiveCfg = Debug|Any CPU
		{010D0C11-D6A2-3CA6-3281-4E0FD547EC2D}.Debug|Any CPU.Build.0 = Debug|Any CPU
		{010D0C11-D6A2-3CA6-3281-4E0FD547EC2D}.Release|Any CPU.ActiveCfg = Release|Any CPU
		{010D0C11-D6A2-3CA6-3281-4E0FD547EC2D}.Release|Any CPU.Build.0 = Release|Any CPU
		{D6A0A386-DC68-44FF-B310-3BDE8FCB63CE}.Debug|Any CPU.ActiveCfg = Debug|Any CPU
		{D6A0A386-DC68-44FF-B310-3BDE8FCB63CE}.Debug|Any CPU.Build.0 = Debug|Any CPU
		{D6A0A386-DC68-44FF-B310-3BDE8FCB63CE}.Release|Any CPU.ActiveCfg = Release|Any CPU
		{D6A0A386-DC68-44FF-B310-3BDE8FCB63CE}.Release|Any CPU.Build.0 = Release|Any CPU
		{4AB1253C-8417-E7EC-0C51-3B8C79B1EED4}.Debug|Any CPU.ActiveCfg = Debug|Any CPU
		{4AB1253C-8417-E7EC-0C51-3B8C79B1EED4}.Debug|Any CPU.Build.0 = Debug|Any CPU
		{4AB1253C-8417-E7EC-0C51-3B8C79B1EED4}.Release|Any CPU.ActiveCfg = Release|Any CPU
		{4AB1253C-8417-E7EC-0C51-3B8C79B1EED4}.Release|Any CPU.Build.0 = Release|Any CPU
		{52442FBF-AB1E-12BC-8344-0695887AC3CB}.Debug|Any CPU.ActiveCfg = Debug|Any CPU
		{52442FBF-AB1E-12BC-8344-0695887AC3CB}.Debug|Any CPU.Build.0 = Debug|Any CPU
		{52442FBF-AB1E-12BC-8344-0695887AC3CB}.Release|Any CPU.ActiveCfg = Release|Any CPU
		{52442FBF-AB1E-12BC-8344-0695887AC3CB}.Release|Any CPU.Build.0 = Release|Any CPU
		{13EA441B-E72F-5CA2-D5D4-B3F52139D7CF}.Debug|Any CPU.ActiveCfg = Debug|Any CPU
		{13EA441B-E72F-5CA2-D5D4-B3F52139D7CF}.Debug|Any CPU.Build.0 = Debug|Any CPU
		{13EA441B-E72F-5CA2-D5D4-B3F52139D7CF}.Release|Any CPU.ActiveCfg = Release|Any CPU
		{13EA441B-E72F-5CA2-D5D4-B3F52139D7CF}.Release|Any CPU.Build.0 = Release|Any CPU
		{0B48C449-0B35-182D-2B8C-BFE6C8DF0359}.Debug|Any CPU.ActiveCfg = Debug|Any CPU
		{0B48C449-0B35-182D-2B8C-BFE6C8DF0359}.Debug|Any CPU.Build.0 = Debug|Any CPU
		{0B48C449-0B35-182D-2B8C-BFE6C8DF0359}.Release|Any CPU.ActiveCfg = Release|Any CPU
		{0B48C449-0B35-182D-2B8C-BFE6C8DF0359}.Release|Any CPU.Build.0 = Release|Any CPU
		{4109F16C-CC0F-746C-BB8C-6083813C958C}.Debug|Any CPU.ActiveCfg = Debug|Any CPU
		{4109F16C-CC0F-746C-BB8C-6083813C958C}.Debug|Any CPU.Build.0 = Debug|Any CPU
		{4109F16C-CC0F-746C-BB8C-6083813C958C}.Release|Any CPU.ActiveCfg = Release|Any CPU
		{4109F16C-CC0F-746C-BB8C-6083813C958C}.Release|Any CPU.Build.0 = Release|Any CPU
		{6C5C8E11-5C4E-7216-5310-F8D4870D4E3D}.Debug|Any CPU.ActiveCfg = Debug|Any CPU
		{6C5C8E11-5C4E-7216-5310-F8D4870D4E3D}.Debug|Any CPU.Build.0 = Debug|Any CPU
		{6C5C8E11-5C4E-7216-5310-F8D4870D4E3D}.Release|Any CPU.ActiveCfg = Release|Any CPU
		{6C5C8E11-5C4E-7216-5310-F8D4870D4E3D}.Release|Any CPU.Build.0 = Release|Any CPU
		{F01C3B69-9D05-4BEF-26EB-57BAD926097B}.Debug|Any CPU.ActiveCfg = Debug|Any CPU
		{F01C3B69-9D05-4BEF-26EB-57BAD926097B}.Debug|Any CPU.Build.0 = Debug|Any CPU
		{F01C3B69-9D05-4BEF-26EB-57BAD926097B}.Release|Any CPU.ActiveCfg = Release|Any CPU
		{F01C3B69-9D05-4BEF-26EB-57BAD926097B}.Release|Any CPU.Build.0 = Release|Any CPU
		{A2A38D3C-E4D3-4631-8B47-FDC6A5459C06}.Debug|Any CPU.ActiveCfg = Debug|Any CPU
		{A2A38D3C-E4D3-4631-8B47-FDC6A5459C06}.Debug|Any CPU.Build.0 = Debug|Any CPU
		{A2A38D3C-E4D3-4631-8B47-FDC6A5459C06}.Release|Any CPU.ActiveCfg = Release|Any CPU
		{A2A38D3C-E4D3-4631-8B47-FDC6A5459C06}.Release|Any CPU.Build.0 = Release|Any CPU
		{414DFFD5-4A0F-DD91-933A-D9585859A325}.Debug|Any CPU.ActiveCfg = Debug|Any CPU
		{414DFFD5-4A0F-DD91-933A-D9585859A325}.Debug|Any CPU.Build.0 = Debug|Any CPU
		{414DFFD5-4A0F-DD91-933A-D9585859A325}.Release|Any CPU.ActiveCfg = Release|Any CPU
		{414DFFD5-4A0F-DD91-933A-D9585859A325}.Release|Any CPU.Build.0 = Release|Any CPU
	EndGlobalSection
	GlobalSection(SolutionProperties) = preSolution
		HideSolutionNode = FALSE
	EndGlobalSection
	GlobalSection(NestedProjects) = preSolution
		{E1F43025-01E0-4D97-970A-6FD619244B5B} = {DDB4EF12-CC4E-5E88-E6FC-71A802F4DE97}
		{617066EE-C915-49D9-8D99-585F9E40E5B1} = {CBB12A5B-B9DA-4402-8F04-1033FF132474}
		{03B23B8C-0A47-41C3-95B4-22DF1BBB5E12} = {82A40186-623E-4D5F-B0AE-508EEA22EAAB}
		{2986FE7F-1797-41EB-B3F3-DC6AC2499EFD} = {03B23B8C-0A47-41C3-95B4-22DF1BBB5E12}
		{CBB12A5B-B9DA-4402-8F04-1033FF132474} = {82A40186-623E-4D5F-B0AE-508EEA22EAAB}
		{95EAB71A-CFEC-4F56-82CA-2B7C0C1ACDAA} = {E07AEC6B-7A7C-4F24-98FC-4E9907F9D8A4}
		{2DFE7B10-AFAB-4CBF-9B7A-BC8D35A780DE} = {E07AEC6B-7A7C-4F24-98FC-4E9907F9D8A4}
		{A3519C59-9E4F-4E54-94CC-4205E428A61C} = {82A40186-623E-4D5F-B0AE-508EEA22EAAB}
		{6BF40357-5047-4586-8A83-CF08AD0E96E1} = {A3519C59-9E4F-4E54-94CC-4205E428A61C}
		{F72913EC-5D06-4E36-B42F-518ED58D4E3D} = {03B23B8C-0A47-41C3-95B4-22DF1BBB5E12}
		{A727B4DB-A908-C542-FCF2-2C77B3E0412D} = {A4869FD1-28B2-4676-B14C-1C147C85B5B7}
		{59031A1D-FCDB-403A-82CB-B6DB797CDDEB} = {A4869FD1-28B2-4676-B14C-1C147C85B5B7}
		{CB9DA37C-19CE-4B1C-A0FB-9C611894F4A0} = {59031A1D-FCDB-403A-82CB-B6DB797CDDEB}
		{4C54AF98-2716-4BE7-BDBD-5F76D8CAE0AA} = {A4869FD1-28B2-4676-B14C-1C147C85B5B7}
		{038EB60B-5C2F-495B-80CA-299D642D4E57} = {59031A1D-FCDB-403A-82CB-B6DB797CDDEB}
		{4042CC5A-4E6E-BAB1-2087-38620BC63BC1} = {7F47004A-A390-409C-98C1-4F808149BF3A}
		{939151BE-DD9C-4B88-9888-EC405FC5498B} = {EC94844B-706D-4340-ABAB-D75C6FC895AF}
		{8B9D7A06-D8CD-472D-912C-D508D49DF7C1} = {939151BE-DD9C-4B88-9888-EC405FC5498B}
		{1F996318-F3BB-40E8-A35F-857C417E383D} = {EC94844B-706D-4340-ABAB-D75C6FC895AF}
		{C5EE8795-B682-490C-8E75-E9812C2A0260} = {EC94844B-706D-4340-ABAB-D75C6FC895AF}
		{1EB9A81E-1B58-4CB3-AB9C-641DD4F38052} = {939151BE-DD9C-4B88-9888-EC405FC5498B}
		{E22F4EDA-864E-4084-A746-21B31B2222B2} = {A412E068-1983-421F-8810-BEDCFD07E946}
		{B5025803-550F-2718-0B4A-39867A675BF8} = {E22F4EDA-864E-4084-A746-21B31B2222B2}
		{9605B4B8-0A34-BDE4-CFD2-F49073E3B9EF} = {E22F4EDA-864E-4084-A746-21B31B2222B2}
		{766DC129-B7E6-6BE5-67FF-02794A6C9D6A} = {E22F4EDA-864E-4084-A746-21B31B2222B2}
		{8758FBDB-9295-0DA5-31B6-DA01667F06FB} = {E22F4EDA-864E-4084-A746-21B31B2222B2}
		{83421933-D211-2918-A276-665E646BDA2D} = {A412E068-1983-421F-8810-BEDCFD07E946}
		{ED7F6327-D6BC-4021-B939-C37C4A927458} = {A412E068-1983-421F-8810-BEDCFD07E946}
		{EFFA6DC9-18C4-4549-AF9C-6A5A496A499D} = {669117D2-FE44-4B3C-A69B-D5C7742D855C}
		{4D1C7E72-EE67-4F08-A00B-1996AF108D53} = {669117D2-FE44-4B3C-A69B-D5C7742D855C}
		{F34CC3AF-36F6-4D17-B41F-CD6982B80B93} = {669117D2-FE44-4B3C-A69B-D5C7742D855C}
		{549232B0-215D-473C-BAC6-0872C144A2A0} = {EFFA6DC9-18C4-4549-AF9C-6A5A496A499D}
		{5086FEBE-0992-4266-9C3C-F051E7AECE57} = {EFFA6DC9-18C4-4549-AF9C-6A5A496A499D}
		{5CDD5B59-942A-4E0F-9D49-AABBDE1D9353} = {D0B56F96-A532-47FC-BB34-C7B5368F761B}
		{3A95A141-AAD8-CCAB-6F75-1E63A7123829} = {D0B56F96-A532-47FC-BB34-C7B5368F761B}
		{94DD345E-7CED-4741-C3E7-505B445CE161} = {5CDD5B59-942A-4E0F-9D49-AABBDE1D9353}
		{C1D63E63-E64B-FCB7-4276-5EBCB0FEC291} = {5CDD5B59-942A-4E0F-9D49-AABBDE1D9353}
		{622990BD-B340-46C7-A193-C51BA5D731E1} = {7AF00E73-15AF-4EB3-81D0-32A6267F399A}
		{BA3B5C5E-D6A4-39ED-6760-036CDB62E249} = {7AF00E73-15AF-4EB3-81D0-32A6267F399A}
		{D589C9D2-25B2-97EF-C106-318F1C56DB7D} = {622990BD-B340-46C7-A193-C51BA5D731E1}
		{7C06D570-5236-67C0-200D-EFEA42F6ED6E} = {622990BD-B340-46C7-A193-C51BA5D731E1}
		{605F2E9D-76A9-44D7-8C02-1AD531372453} = {622990BD-B340-46C7-A193-C51BA5D731E1}
		{6EF7678A-A725-F430-3097-30F090C0100A} = {8EC667FA-DE6D-4F9A-89F4-CAFC589F5E6E}
		{010D0C11-D6A2-3CA6-3281-4E0FD547EC2D} = {8EC667FA-DE6D-4F9A-89F4-CAFC589F5E6E}
		{D6A0A386-DC68-44FF-B310-3BDE8FCB63CE} = {984B92DA-7A1A-40A5-BD28-8BA003C293B1}
		{4AB1253C-8417-E7EC-0C51-3B8C79B1EED4} = {984B92DA-7A1A-40A5-BD28-8BA003C293B1}
		{52442FBF-AB1E-12BC-8344-0695887AC3CB} = {984B92DA-7A1A-40A5-BD28-8BA003C293B1}
		{13EA441B-E72F-5CA2-D5D4-B3F52139D7CF} = {984B92DA-7A1A-40A5-BD28-8BA003C293B1}
		{0B48C449-0B35-182D-2B8C-BFE6C8DF0359} = {E07AEC6B-7A7C-4F24-98FC-4E9907F9D8A4}
		{5B9DCF56-C71F-4B71-9601-E75CBE06E2DD} = {32F6C215-3EE9-437C-8A69-2C0E1EE6FF10}
		{4109F16C-CC0F-746C-BB8C-6083813C958C} = {32F6C215-3EE9-437C-8A69-2C0E1EE6FF10}
		{6C5C8E11-5C4E-7216-5310-F8D4870D4E3D} = {5B9DCF56-C71F-4B71-9601-E75CBE06E2DD}
		{F01C3B69-9D05-4BEF-26EB-57BAD926097B} = {5B9DCF56-C71F-4B71-9601-E75CBE06E2DD}
		{A2A38D3C-E4D3-4631-8B47-FDC6A5459C06} = {8C77B7D8-C8C7-441F-8ACF-E20DE0716D53}
		{414DFFD5-4A0F-DD91-933A-D9585859A325} = {5B9DCF56-C71F-4B71-9601-E75CBE06E2DD}
	EndGlobalSection
	GlobalSection(ExtensibilityGlobals) = postSolution
		SolutionGuid = {269DCC46-0AC1-47FB-B86F-3420E2938AC7}
	EndGlobalSection
EndGlobal
